{
    "_readme": [
        "This file locks the dependencies of your project to a known state",
        "Read more about it at https://getcomposer.org/doc/01-basic-usage.md#composer-lock-the-lock-file",
        "This file is @generated automatically"
    ],
    "hash": "f45e7e6d7889ac9cca09bc2aa3ac509e",
    "content-hash": "e914b171ddf1e99dce9728b0a4f7bd7f",
    "packages": [
        {
            "name": "matthiasmullie/minify",
            "version": "1.3.60",
            "source": {
                "type": "git",
                "url": "https://github.com/matthiasmullie/minify.git",
                "reference": "ab7fea80ce5ce6549baaf272bc8bd926a7e08f90"
            },
            "dist": {
                "type": "zip",
                "url": "https://api.github.com/repos/matthiasmullie/minify/zipball/ab7fea80ce5ce6549baaf272bc8bd926a7e08f90",
                "reference": "ab7fea80ce5ce6549baaf272bc8bd926a7e08f90",
                "shasum": ""
            },
            "require": {
                "ext-pcre": "*",
                "matthiasmullie/path-converter": "~1.1",
                "php": ">=5.3.0"
            },
            "require-dev": {
                "friendsofphp/php-cs-fixer": "~2.0",
                "matthiasmullie/scrapbook": "~1.0",
                "phpunit/phpunit": "~4.8"
            },
            "suggest": {
                "psr/cache-implementation": "Cache implementation to use with Minify::cache"
            },
            "bin": [
                "bin/minifycss",
                "bin/minifyjs"
            ],
            "type": "library",
            "autoload": {
                "psr-4": {
                    "MatthiasMullie\\Minify\\": "src/"
                }
            },
            "notification-url": "https://packagist.org/downloads/",
            "license": [
                "MIT"
            ],
            "authors": [
                {
                    "name": "Matthias Mullie",
                    "email": "minify@mullie.eu",
                    "homepage": "http://www.mullie.eu",
                    "role": "Developer"
                }
            ],
            "description": "CSS & JavaScript minifier, in PHP. Removes whitespace, strips comments, combines files (incl. @import statements and small assets in CSS files), and optimizes/shortens a few common programming patterns.",
            "homepage": "http://www.minifier.org",
            "keywords": [
                "JS",
                "css",
                "javascript",
                "minifier",
                "minify"
            ],
            "time": "2018-04-18 08:50:35"
        },
        {
            "name": "matthiasmullie/path-converter",
            "version": "1.1.1",
            "source": {
                "type": "git",
                "url": "https://github.com/matthiasmullie/path-converter.git",
                "reference": "3082a6838be02b930239a97d38b5c9da4d693aca"
            },
            "dist": {
                "type": "zip",
                "url": "https://api.github.com/repos/matthiasmullie/path-converter/zipball/3082a6838be02b930239a97d38b5c9da4d693aca",
                "reference": "3082a6838be02b930239a97d38b5c9da4d693aca",
                "shasum": ""
            },
            "require": {
                "ext-pcre": "*",
                "php": ">=5.3.0"
            },
            "require-dev": {
                "phpunit/phpunit": "~4.8"
            },
            "type": "library",
            "autoload": {
                "psr-4": {
                    "MatthiasMullie\\PathConverter\\": "src/"
                }
            },
            "notification-url": "https://packagist.org/downloads/",
            "license": [
                "MIT"
            ],
            "authors": [
                {
                    "name": "Matthias Mullie",
                    "email": "pathconverter@mullie.eu",
                    "homepage": "http://www.mullie.eu",
                    "role": "Developer"
                }
            ],
            "description": "Relative path converter",
            "homepage": "http://github.com/matthiasmullie/path-converter",
            "keywords": [
                "converter",
                "path",
                "paths",
                "relative"
            ],
            "time": "2018-02-02 11:30:10"
        },
        {
            "name": "o2system/cache",
            "version": "v2.2.28",
            "source": {
                "type": "git",
                "url": "https://github.com/o2system/cache.git",
                "reference": "3d7658a055fcdae04fb652ac2fc0ca768e16dc06"
            },
            "dist": {
                "type": "zip",
                "url": "https://api.github.com/repos/o2system/cache/zipball/3d7658a055fcdae04fb652ac2fc0ca768e16dc06",
                "reference": "3d7658a055fcdae04fb652ac2fc0ca768e16dc06",
                "shasum": ""
            },
            "require": {
                "o2system/kernel": "*",
                "php": ">=5.6.0"
            },
            "type": "package",
            "autoload": {
                "psr-4": {
                    "O2System\\Cache\\": "src"
                }
            },
            "notification-url": "https://packagist.org/downloads/",
            "license": [
                "MIT"
            ],
            "authors": [
                {
                    "name": "Steeven Andrian Salim",
                    "email": "steevenz@steevenz.com",
                    "homepage": "http://www.steevenz.com",
                    "role": "Founder and Lead Project"
                },
                {
                    "name": "Teguh Rianto",
                    "email": "teguh.rianto22@gmail.com",
                    "homepage": "http://teguhrianto22.pusku.com",
                    "role": "Template Designer"
                }
            ],
            "description": "PHP Cache Management Handler Library",
            "keywords": [
                "driver",
                "framework",
                "libraries",
                "php",
                "utilities"
            ],
            "time": "2018-06-08 16:14:58"
        },
        {
            "name": "o2system/curl",
            "version": "v2.1.17",
            "source": {
                "type": "git",
                "url": "https://github.com/o2system/curl.git",
                "reference": "e81dffc932e29c37106047ad71b822121fd81733"
            },
            "dist": {
                "type": "zip",
                "url": "https://api.github.com/repos/o2system/curl/zipball/e81dffc932e29c37106047ad71b822121fd81733",
                "reference": "e81dffc932e29c37106047ad71b822121fd81733",
                "shasum": ""
            },
            "require": {
                "o2system/kernel": "*",
                "php": ">=5.6.0"
            },
            "type": "package",
            "autoload": {
                "psr-4": {
                    "O2System\\Curl\\": "src"
                }
            },
            "notification-url": "https://packagist.org/downloads/",
            "license": [
                "MIT"
            ],
            "authors": [
                {
                    "name": "Steeven Andrian Salim",
                    "email": "steevenz@steevenz.com",
                    "homepage": "http://www.steevenz.com",
                    "role": "Founder and Lead Project"
                },
                {
                    "name": "Teguh Rianto",
                    "email": "teguh.rianto22@gmail.com",
                    "homepage": "http://teguhrianto22.pusku.com",
                    "role": "Template Designer"
                }
            ],
            "description": "PHP Lightweight HTTP Request Client Libraries",
            "keywords": [
                "driver",
                "framework",
                "libraries",
                "php",
                "utilities"
            ],
            "time": "2018-06-08 16:15:51"
        },
        {
            "name": "o2system/database",
            "version": "v2.1.46",
            "source": {
                "type": "git",
                "url": "https://github.com/o2system/database.git",
                "reference": "777adbcfd845874bb6c32f745c4ceea80ecbe1e6"
            },
            "dist": {
                "type": "zip",
                "url": "https://api.github.com/repos/o2system/database/zipball/777adbcfd845874bb6c32f745c4ceea80ecbe1e6",
                "reference": "777adbcfd845874bb6c32f745c4ceea80ecbe1e6",
                "shasum": ""
            },
            "require": {
                "o2system/kernel": "*",
                "php": ">=5.6.0"
            },
            "type": "package",
            "autoload": {
                "psr-4": {
                    "O2System\\Database\\": "src"
                }
            },
            "notification-url": "https://packagist.org/downloads/",
            "license": [
                "MIT"
            ],
            "authors": [
                {
                    "name": "Steeven Andrian Salim",
                    "email": "steevenz@steevenz.com",
                    "homepage": "http://www.steevenz.com",
                    "role": "Founder and Lead Project"
                },
                {
                    "name": "Teguh Rianto",
                    "email": "teguh.rianto22@gmail.com",
                    "homepage": "http://teguhrianto22.pusku.com",
                    "role": "Template Designer"
                }
            ],
            "description": "PHP Database Management Library",
            "keywords": [
                "driver",
                "framework",
                "libraries",
                "php",
                "utilities"
            ],
            "time": "2018-06-08 16:19:26"
        },
        {
            "name": "o2system/email",
            "version": "v1.0.15",
            "source": {
                "type": "git",
                "url": "https://github.com/o2system/email.git",
                "reference": "2718d07355dad0d64022d4f3babd804533fb6aee"
            },
            "dist": {
                "type": "zip",
                "url": "https://api.github.com/repos/o2system/email/zipball/2718d07355dad0d64022d4f3babd804533fb6aee",
                "reference": "2718d07355dad0d64022d4f3babd804533fb6aee",
                "shasum": ""
            },
            "require": {
                "o2system/kernel": "*",
                "php": ">=5.6.0",
                "phpmailer/phpmailer": "*",
                "tijsverkoyen/css-to-inline-styles": "^2.2"
            },
            "type": "package",
            "autoload": {
                "psr-4": {
                    "O2System\\Email\\": "src"
                }
            },
            "notification-url": "https://packagist.org/downloads/",
            "license": [
                "MIT"
            ],
            "authors": [
                {
                    "name": "Steeven Andrian Salim",
                    "email": "steevenz@steevenz.com",
                    "homepage": "http://www.steevenz.com",
                    "role": "Founder and Lead Project"
                },
                {
                    "name": "Teguh Rianto",
                    "email": "teguh.rianto22@gmail.com",
                    "homepage": "http://teguhrianto22.pusku.com",
                    "role": "Template Designer"
                }
            ],
            "description": "PHP Email Library",
            "keywords": [
                "driver",
                "framework",
                "libraries",
                "php",
                "utilities"
            ],
            "time": "2018-06-08 16:20:16"
        },
        {
            "name": "o2system/filesystem",
            "version": "v1.0.30",
            "source": {
                "type": "git",
                "url": "https://github.com/o2system/filesystem.git",
                "reference": "b197c1a933bf9b9e96dc88811c230550058fc141"
            },
            "dist": {
                "type": "zip",
                "url": "https://api.github.com/repos/o2system/filesystem/zipball/b197c1a933bf9b9e96dc88811c230550058fc141",
                "reference": "b197c1a933bf9b9e96dc88811c230550058fc141",
                "shasum": ""
            },
            "require": {
                "o2system/kernel": "*",
                "php": ">=5.6.0"
            },
            "type": "package",
            "autoload": {
                "psr-4": {
                    "O2System\\Filesystem\\": "src"
                }
            },
            "notification-url": "https://packagist.org/downloads/",
            "license": [
                "MIT"
            ],
            "authors": [
                {
                    "name": "Steeven Andrian Salim",
                    "email": "steevenz@steevenz.com",
                    "homepage": "http://www.steevenz.com",
                    "role": "Founder and Lead Project"
                },
                {
                    "name": "Teguh Rianto",
                    "email": "teguh.rianto22@gmail.com",
                    "homepage": "http://teguhrianto22.pusku.com",
                    "role": "Template Designer"
                }
            ],
            "description": "PHP Filesystem Library",
            "keywords": [
                "driver",
                "framework",
                "libraries",
                "php",
                "utilities"
            ],
            "time": "2018-06-08 16:20:58"
        },
        {
            "name": "o2system/framework",
            "version": "v5.5.434",
            "source": {
                "type": "git",
                "url": "https://github.com/o2system/framework.git",
                "reference": "ce8586610f27246a37a4c9c9512303225ae92e3f"
            },
            "dist": {
                "type": "zip",
                "url": "https://api.github.com/repos/o2system/framework/zipball/ce8586610f27246a37a4c9c9512303225ae92e3f",
                "reference": "ce8586610f27246a37a4c9c9512303225ae92e3f",
                "shasum": ""
            },
            "require": {
                "matthiasmullie/minify": "^1.3",
                "o2system/cache": "*",
                "o2system/curl": "*",
                "o2system/database": "*",
                "o2system/email": "*",
                "o2system/filesystem": "*",
                "o2system/html": "*",
                "o2system/image": "*",
                "o2system/kernel": "*",
                "o2system/parser": "*",
                "o2system/security": "*",
                "php": ">=5.6.0"
            },
            "type": "package",
            "autoload": {
                "psr-4": {
                    "O2System\\Framework\\": "src"
                },
                "files": [
                    "src/Framework.php"
                ]
            },
            "notification-url": "https://packagist.org/downloads/",
            "license": [
                "MIT"
            ],
            "authors": [
                {
                    "name": "Steeven Andrian Salim",
                    "email": "steevenz@steevenz.com",
                    "homepage": "http://www.steevenz.com",
                    "role": "Founder and Lead Project"
                },
                {
                    "name": "Teguh Rianto",
                    "email": "teguh.rianto22@gmail.com",
                    "homepage": "http://teguhrianto22.pusku.com",
                    "role": "Template Designer"
                }
            ],
            "description": "O2System Framework",
            "keywords": [
                "driver",
                "framework",
                "libraries",
                "php",
                "utilities"
            ],
            "time": "2018-06-09 02:45:09"
        },
        {
            "name": "o2system/gear",
            "version": "v2.1.23",
            "source": {
                "type": "git",
                "url": "https://github.com/o2system/gear.git",
                "reference": "61c979644b262d7ecc729238e87510bd947d83ba"
            },
            "dist": {
                "type": "zip",
                "url": "https://api.github.com/repos/o2system/gear/zipball/61c979644b262d7ecc729238e87510bd947d83ba",
                "reference": "61c979644b262d7ecc729238e87510bd947d83ba",
                "shasum": ""
            },
            "require": {
                "php": ">=5.6.0"
            },
            "type": "package",
            "autoload": {
                "psr-4": {
                    "O2System\\Gear\\": "src"
                },
                "files": [
                    "src/Helper.php"
                ]
            },
            "notification-url": "https://packagist.org/downloads/",
            "license": [
                "MIT"
            ],
            "authors": [
                {
                    "name": "Steeven Andrian Salim",
                    "email": "steevenz@steevenz.com",
                    "homepage": "http://www.steevenz.com",
                    "role": "Founder and Lead Project"
                },
                {
                    "name": "Teguh Rianto",
                    "email": "teguh.rianto22@gmail.com",
                    "homepage": "http://teguhrianto22.pusku.com",
                    "role": "Template Designer"
                }
            ],
            "description": "PHP Developer Tools Library",
            "keywords": [
                "driver",
                "framework",
                "libraries",
                "php",
                "utilities"
            ],
            "time": "2018-06-08 16:24:17"
        },
        {
            "name": "o2system/html",
            "version": "v1.0.34",
            "source": {
                "type": "git",
                "url": "https://github.com/o2system/html.git",
                "reference": "3e0ad57600639a3db53896f0a2efaed645b17f2a"
            },
            "dist": {
                "type": "zip",
                "url": "https://api.github.com/repos/o2system/html/zipball/3e0ad57600639a3db53896f0a2efaed645b17f2a",
                "reference": "3e0ad57600639a3db53896f0a2efaed645b17f2a",
                "shasum": ""
            },
            "require": {
                "o2system/kernel": "*",
                "php": ">=5.6.0"
            },
            "type": "package",
            "autoload": {
                "psr-4": {
                    "O2System\\Html\\": "src"
                }
            },
            "notification-url": "https://packagist.org/downloads/",
            "license": [
                "MIT"
            ],
            "authors": [
                {
                    "name": "Steeven Andrian Salim",
                    "email": "steevenz@steevenz.com",
                    "homepage": "http://www.steevenz.com",
                    "role": "Founder and Lead Project"
                },
                {
                    "name": "Teguh Rianto",
                    "email": "teguh.rianto22@gmail.com",
                    "homepage": "http://teguhrianto22.pusku.com",
                    "role": "Template Designer"
                }
            ],
            "description": "PHP Document and Element Library.",
            "keywords": [
                "framework",
                "interfaces",
                "libraries",
                "php",
                "utilities"
            ],
            "time": "2018-06-08 16:25:08"
        },
        {
            "name": "o2system/image",
            "version": "v1.0.24",
            "source": {
                "type": "git",
                "url": "https://github.com/o2system/image.git",
                "reference": "00b1b6575cfefb8bc2758c69689e2e9d1253e1c3"
            },
            "dist": {
                "type": "zip",
                "url": "https://api.github.com/repos/o2system/image/zipball/00b1b6575cfefb8bc2758c69689e2e9d1253e1c3",
                "reference": "00b1b6575cfefb8bc2758c69689e2e9d1253e1c3",
                "shasum": ""
            },
            "require": {
                "o2system/filesystem": "*",
                "php": ">=5.6.0",
                "ps/image-optimizer": "^1.1"
            },
            "type": "package",
            "autoload": {
                "psr-4": {
                    "O2System\\Image\\": "src"
                }
            },
            "notification-url": "https://packagist.org/downloads/",
            "license": [
                "MIT"
            ],
            "authors": [
                {
                    "name": "Steeven Andrian Salim",
                    "email": "steevenz@steevenz.com",
                    "homepage": "http://www.steevenz.com",
                    "role": "Founder and Lead Project"
                },
                {
                    "name": "Teguh Rianto",
                    "email": "teguh.rianto22@gmail.com",
                    "homepage": "http://teguhrianto22.pusku.com",
                    "role": "Template Designer"
                }
            ],
            "description": "O2System Image is a PHP image handling and manipulation library for O2System Framework providing an easier and expressive way to manipulate an image. Allows different PHP Image Processor and Generator to be used.",
            "keywords": [
                "framework",
                "interfaces",
                "libraries",
                "php",
                "utilities"
            ],
            "time": "2018-06-08 16:40:29"
        },
        {
            "name": "o2system/kernel",
            "version": "v1.9.98",
            "source": {
                "type": "git",
                "url": "https://github.com/o2system/kernel.git",
                "reference": "e9e7e753ffb90e5d42a423071fa251b061a43df6"
            },
            "dist": {
                "type": "zip",
                "url": "https://api.github.com/repos/o2system/kernel/zipball/e9e7e753ffb90e5d42a423071fa251b061a43df6",
                "reference": "e9e7e753ffb90e5d42a423071fa251b061a43df6",
                "shasum": ""
            },
            "require": {
                "o2system/gear": "*",
                "o2system/psr": "*",
                "o2system/spl": "*",
                "php": ">=5.6.0"
            },
            "type": "package",
            "autoload": {
                "psr-4": {
                    "O2System\\Kernel\\": "src"
                },
                "files": [
                    "src/Config/Constants.php",
                    "src/Helpers/Common.php",
                    "src/Helpers/Inflector.php",
                    "src/Helpers/Cookie.php",
                    "src/Kernel.php"
                ]
            },
            "notification-url": "https://packagist.org/downloads/",
            "license": [
                "MIT"
            ],
            "authors": [
                {
                    "name": "Steeven Andrian Salim",
                    "email": "steevenz@steevenz.com",
                    "homepage": "http://www.steevenz.com",
                    "role": "Founder and Lead Project"
                },
                {
                    "name": "Teguh Rianto",
                    "email": "teguh.rianto22@gmail.com",
                    "homepage": "http://teguhrianto22.pusku.com",
                    "role": "Template Designer"
                }
            ],
            "description": "O2System Framework Kernel",
            "keywords": [
                "driver",
                "framework",
                "libraries",
                "php",
                "singleton"
            ],
            "time": "2018-06-08 16:41:31"
        },
        {
            "name": "o2system/parser",
            "version": "v1.0.32",
            "source": {
                "type": "git",
                "url": "https://github.com/o2system/parser.git",
                "reference": "e55640068c81855edf6254bae0ab04ad93868e3e"
            },
            "dist": {
                "type": "zip",
                "url": "https://api.github.com/repos/o2system/parser/zipball/e55640068c81855edf6254bae0ab04ad93868e3e",
                "reference": "e55640068c81855edf6254bae0ab04ad93868e3e",
                "shasum": ""
            },
            "require": {
                "o2system/kernel": "*",
                "php": ">=5.6.0"
            },
            "type": "package",
            "autoload": {
                "psr-4": {
                    "O2System\\Parser\\": "src"
                }
            },
            "notification-url": "https://packagist.org/downloads/",
            "authors": [
                {
                    "name": "Steeven Andrian Salim",
                    "email": "steevenz@steevenz.com",
                    "homepage": "http://www.steevenz.com",
                    "role": "Founder and Lead Project"
                },
                {
                    "name": "Teguh Rianto",
                    "email": "teguh.rianto22@gmail.com",
                    "homepage": "http://teguhrianto22.pusku.com",
                    "role": "Template Designer"
                }
            ],
            "description": "PHP Parser library.",
            "keywords": [
                "framework",
                "libraries",
                "php",
                "utilities"
            ],
            "time": "2018-06-08 16:42:28"
        },
        {
            "name": "o2system/psr",
            "version": "v1.2.76",
            "source": {
                "type": "git",
                "url": "https://github.com/o2system/psr.git",
                "reference": "b07412fe10e22f3af1d56c9af5941c4f8d7a148a"
            },
            "dist": {
                "type": "zip",
                "url": "https://api.github.com/repos/o2system/psr/zipball/b07412fe10e22f3af1d56c9af5941c4f8d7a148a",
                "reference": "b07412fe10e22f3af1d56c9af5941c4f8d7a148a",
                "shasum": ""
            },
            "require": {
                "o2system/spl": "*",
                "php": ">=5.6.0"
            },
            "type": "package",
            "autoload": {
                "psr-4": {
                    "O2System\\Psr\\": "src"
                }
            },
            "notification-url": "https://packagist.org/downloads/",
            "license": [
                "MIT"
            ],
            "authors": [
                {
                    "name": "Steeven Andrian Salim",
                    "email": "steevenz@steevenz.com",
                    "homepage": "http://www.steevenz.com",
                    "role": "Founder and Lead Project"
                },
                {
                    "name": "Teguh Rianto",
                    "email": "teguh.rianto22@gmail.com",
                    "homepage": "http://teguhrianto22.pusku.com",
                    "role": "Template Designer"
                }
            ],
            "description": "O2System PSR it's build based on PHP Framework Interop Group (PHP-FIG) standards recommendations. This repository contains a collection of PHP interfaces based on the PSR-0 until the PSR-7.",
            "keywords": [
                "framework",
                "interfaces",
                "libraries",
                "php",
                "utilities"
            ],
            "time": "2018-06-08 16:43:16"
        },
        {
            "name": "o2system/security",
            "version": "v1.4.35",
            "source": {
                "type": "git",
                "url": "https://github.com/o2system/security.git",
                "reference": "58aa4cea333c4ac4b90d74141912656a8e7ed35a"
            },
            "dist": {
                "type": "zip",
                "url": "https://api.github.com/repos/o2system/security/zipball/58aa4cea333c4ac4b90d74141912656a8e7ed35a",
                "reference": "58aa4cea333c4ac4b90d74141912656a8e7ed35a",
                "shasum": ""
            },
            "require": {
                "o2system/session": "*",
                "php": ">=5.6.0"
            },
            "type": "package",
            "autoload": {
                "psr-4": {
                    "O2System\\Security\\": "src"
                }
            },
            "notification-url": "https://packagist.org/downloads/",
            "authors": [
                {
                    "name": "Steeven Andrian Salim",
                    "email": "steevenz@steevenz.com",
                    "homepage": "http://www.steevenz.com",
                    "role": "Founder and Lead Project"
                },
                {
                    "name": "Teguh Rianto",
                    "email": "teguh.rianto22@gmail.com",
                    "homepage": "http://teguhrianto22.pusku.com",
                    "role": "Template Designer"
                }
            ],
            "description": "O2System Security",
            "keywords": [
                "framework",
                "interfaces",
                "libraries",
                "php",
                "utilities"
            ],
            "time": "2018-06-08 16:43:59"
        },
        {
            "name": "o2system/session",
            "version": "v2.0.19",
            "source": {
                "type": "git",
                "url": "https://github.com/o2system/session.git",
                "reference": "6c79877f8e10879d841b81621077b652f01906cf"
            },
            "dist": {
                "type": "zip",
                "url": "https://api.github.com/repos/o2system/session/zipball/6c79877f8e10879d841b81621077b652f01906cf",
                "reference": "6c79877f8e10879d841b81621077b652f01906cf",
                "shasum": ""
            },
            "require": {
                "o2system/kernel": "*",
                "php": ">=5.6.0"
            },
            "type": "package",
            "autoload": {
                "psr-4": {
                    "O2System\\Session\\": "src"
                },
                "files": [
                    "src/Session.php"
                ]
            },
            "notification-url": "https://packagist.org/downloads/",
            "authors": [
                {
                    "name": "Steeven Andrian Salim",
                    "email": "steevenz@steevenz.com",
                    "homepage": "http://www.steevenz.com",
                    "role": "Founder and Lead Project"
                },
                {
                    "name": "Teguh Rianto",
                    "email": "teguh.rianto22@gmail.com",
                    "homepage": "http://teguhrianto22.pusku.com",
                    "role": "Template Designer"
                }
            ],
            "description": "Open Source PHP Session Management Library",
            "keywords": [
                "framework",
                "interfaces",
                "libraries",
                "php",
                "session"
            ],
            "time": "2018-06-08 16:44:39"
        },
        {
            "name": "o2system/spl",
            "version": "v1.0.61",
            "source": {
                "type": "git",
                "url": "https://github.com/o2system/spl.git",
                "reference": "141ba967a9b7037ed689121dc96702bcb85e81fd"
            },
            "dist": {
                "type": "zip",
                "url": "https://api.github.com/repos/o2system/spl/zipball/141ba967a9b7037ed689121dc96702bcb85e81fd",
                "reference": "141ba967a9b7037ed689121dc96702bcb85e81fd",
                "shasum": ""
            },
            "require": {
                "php": ">=5.6.0"
            },
            "type": "package",
            "autoload": {
                "psr-4": {
                    "O2System\\Spl\\": "src"
                }
            },
            "notification-url": "https://packagist.org/downloads/",
            "license": [
                "MIT"
            ],
            "authors": [
                {
                    "name": "Steeven Andrian Salim",
                    "email": "steevenz@steevenz.com",
                    "homepage": "http://www.steevenz.com",
                    "role": "Founder and Lead Project"
                },
                {
                    "name": "Teguh Rianto",
                    "email": "teguh.rianto22@gmail.com",
                    "homepage": "http://teguhrianto22.pusku.com",
                    "role": "Template Designer"
                }
            ],
            "description": "O2System Standard PHP Library (SPL) it's build based on original standard PHP library. It's made up primarily of commonly needed datastructure classes, iterators, handlers and exceptions for O2System PHP Framework, but also can be used independently outside O2System PHP Framework environment.",
            "keywords": [
                "framework",
                "interfaces",
                "libraries",
                "php",
                "utilities"
            ],
            "time": "2018-06-08 16:45:23"
        },
        {
            "name": "phpmailer/phpmailer",
            "version": "v6.0.5",
            "source": {
                "type": "git",
                "url": "https://github.com/PHPMailer/PHPMailer.git",
                "reference": "cb3ea134d4d3729e7857737d5f320cce9caf4d32"
            },
            "dist": {
                "type": "zip",
                "url": "https://api.github.com/repos/PHPMailer/PHPMailer/zipball/cb3ea134d4d3729e7857737d5f320cce9caf4d32",
                "reference": "cb3ea134d4d3729e7857737d5f320cce9caf4d32",
                "shasum": ""
            },
            "require": {
                "ext-ctype": "*",
                "ext-filter": "*",
                "php": ">=5.5.0"
            },
            "require-dev": {
                "doctrine/annotations": "1.2.*",
                "friendsofphp/php-cs-fixer": "^2.2",
                "phpdocumentor/phpdocumentor": "2.*",
                "phpunit/phpunit": "^4.8 || ^5.7",
                "zendframework/zend-eventmanager": "3.0.*",
                "zendframework/zend-i18n": "2.7.3",
                "zendframework/zend-serializer": "2.7.*"
            },
            "suggest": {
                "ext-mbstring": "Needed to send email in multibyte encoding charset",
                "hayageek/oauth2-yahoo": "Needed for Yahoo XOAUTH2 authentication",
                "league/oauth2-google": "Needed for Google XOAUTH2 authentication",
                "psr/log": "For optional PSR-3 debug logging",
                "stevenmaguire/oauth2-microsoft": "Needed for Microsoft XOAUTH2 authentication",
                "symfony/polyfill-mbstring": "To support UTF-8 if the Mbstring PHP extension is not enabled (^1.2)"
            },
            "type": "library",
            "autoload": {
                "psr-4": {
                    "PHPMailer\\PHPMailer\\": "src/"
                }
            },
            "notification-url": "https://packagist.org/downloads/",
            "license": [
                "LGPL-2.1"
            ],
            "authors": [
                {
                    "name": "Jim Jagielski",
                    "email": "jimjag@gmail.com"
                },
                {
                    "name": "Marcus Bointon",
                    "email": "phpmailer@synchromedia.co.uk"
                },
                {
                    "name": "Andy Prevost",
                    "email": "codeworxtech@users.sourceforge.net"
                },
                {
                    "name": "Brent R. Matzelle"
                }
            ],
            "description": "PHPMailer is a full-featured email creation and transfer class for PHP",
            "time": "2018-03-27 13:49:45"
        },
        {
            "name": "ps/image-optimizer",
            "version": "1.2.0",
            "source": {
                "type": "git",
                "url": "https://github.com/psliwa/image-optimizer.git",
                "reference": "72620751d99b7ab0f5e32685a7689cc99e46a82a"
            },
            "dist": {
                "type": "zip",
                "url": "https://api.github.com/repos/psliwa/image-optimizer/zipball/72620751d99b7ab0f5e32685a7689cc99e46a82a",
                "reference": "72620751d99b7ab0f5e32685a7689cc99e46a82a",
                "shasum": ""
            },
            "require": {
                "psr/log": "1.0.*",
                "symfony/options-resolver": "~2.1 | ~3.0 | ~4.0",
                "symfony/process": "~2.0 | ~3.0 | ~4.0"
            },
            "require-dev": {
                "phpunit/phpunit": "^5.0"
            },
            "type": "library",
            "autoload": {
                "psr-0": {
                    "ImageOptimizer": "src/"
                }
            },
            "notification-url": "https://packagist.org/downloads/",
            "license": [
                "MIT"
            ],
            "authors": [
                {
                    "name": "Piotr Sliwa",
                    "email": "peter.pl7@gmail.com"
                }
            ],
            "description": "Image optimization / compression library. This library is able to optimize png, jpg and gif files in very easy and handy way. It uses optipng, pngquant, pngcrush, pngout, gifsicle, jpegoptim and jpegtran tools.",
            "keywords": [
                "compression",
                "image",
                "image optimizer",
                "jpegoptim",
                "optimization",
                "optipng"
            ],
            "time": "2018-04-11 21:27:34"
        },
        {
            "name": "psr/log",
            "version": "1.0.2",
            "source": {
                "type": "git",
                "url": "https://github.com/php-fig/log.git",
                "reference": "4ebe3a8bf773a19edfe0a84b6585ba3d401b724d"
            },
            "dist": {
                "type": "zip",
                "url": "https://api.github.com/repos/php-fig/log/zipball/4ebe3a8bf773a19edfe0a84b6585ba3d401b724d",
                "reference": "4ebe3a8bf773a19edfe0a84b6585ba3d401b724d",
                "shasum": ""
            },
            "require": {
                "php": ">=5.3.0"
            },
            "type": "library",
            "extra": {
                "branch-alias": {
                    "dev-master": "1.0.x-dev"
                }
            },
            "autoload": {
                "psr-4": {
                    "Psr\\Log\\": "Psr/Log/"
                }
            },
            "notification-url": "https://packagist.org/downloads/",
            "license": [
                "MIT"
            ],
            "authors": [
                {
                    "name": "PHP-FIG",
                    "homepage": "http://www.php-fig.org/"
                }
            ],
            "description": "Common interface for logging libraries",
            "homepage": "https://github.com/php-fig/log",
            "keywords": [
                "log",
                "psr",
                "psr-3"
            ],
            "time": "2016-10-10 12:19:37"
        },
        {
            "name": "symfony/css-selector",
            "version": "v4.1.0",
            "source": {
                "type": "git",
                "url": "https://github.com/symfony/css-selector.git",
                "reference": "03ac71606ecb0b0ce792faa17d74cc32c2949ef4"
            },
            "dist": {
                "type": "zip",
                "url": "https://api.github.com/repos/symfony/css-selector/zipball/03ac71606ecb0b0ce792faa17d74cc32c2949ef4",
                "reference": "03ac71606ecb0b0ce792faa17d74cc32c2949ef4",
                "shasum": ""
            },
            "require": {
                "php": "^7.1.3"
            },
            "type": "library",
            "extra": {
                "branch-alias": {
                    "dev-master": "4.1-dev"
                }
            },
            "autoload": {
                "psr-4": {
                    "Symfony\\Component\\CssSelector\\": ""
                },
                "exclude-from-classmap": [
                    "/Tests/"
                ]
            },
            "notification-url": "https://packagist.org/downloads/",
            "license": [
                "MIT"
            ],
            "authors": [
                {
                    "name": "Jean-François Simon",
                    "email": "jeanfrancois.simon@sensiolabs.com"
                },
                {
                    "name": "Fabien Potencier",
                    "email": "fabien@symfony.com"
                },
                {
                    "name": "Symfony Community",
                    "homepage": "https://symfony.com/contributors"
                }
            ],
            "description": "Symfony CssSelector Component",
            "homepage": "https://symfony.com",
            "time": "2018-05-30 07:26:09"
        },
        {
            "name": "symfony/options-resolver",
            "version": "v4.1.0",
            "source": {
                "type": "git",
                "url": "https://github.com/symfony/options-resolver.git",
                "reference": "9b9ab6043c57c8c5571bc846e6ebfd27dff3b589"
            },
            "dist": {
                "type": "zip",
                "url": "https://api.github.com/repos/symfony/options-resolver/zipball/9b9ab6043c57c8c5571bc846e6ebfd27dff3b589",
                "reference": "9b9ab6043c57c8c5571bc846e6ebfd27dff3b589",
                "shasum": ""
            },
            "require": {
                "php": "^7.1.3"
            },
            "type": "library",
            "extra": {
                "branch-alias": {
                    "dev-master": "4.1-dev"
                }
            },
            "autoload": {
                "psr-4": {
                    "Symfony\\Component\\OptionsResolver\\": ""
                },
                "exclude-from-classmap": [
                    "/Tests/"
                ]
            },
            "notification-url": "https://packagist.org/downloads/",
            "license": [
                "MIT"
            ],
            "authors": [
                {
                    "name": "Fabien Potencier",
                    "email": "fabien@symfony.com"
                },
                {
                    "name": "Symfony Community",
                    "homepage": "https://symfony.com/contributors"
                }
            ],
            "description": "Symfony OptionsResolver Component",
            "homepage": "https://symfony.com",
            "keywords": [
                "config",
                "configuration",
                "options"
            ],
            "time": "2018-05-30 07:26:09"
        },
        {
            "name": "symfony/process",
            "version": "v4.1.0",
            "source": {
                "type": "git",
                "url": "https://github.com/symfony/process.git",
                "reference": "73445bd33b0d337c060eef9652b94df72b6b3434"
            },
            "dist": {
                "type": "zip",
                "url": "https://api.github.com/repos/symfony/process/zipball/73445bd33b0d337c060eef9652b94df72b6b3434",
                "reference": "73445bd33b0d337c060eef9652b94df72b6b3434",
                "shasum": ""
            },
            "require": {
                "php": "^7.1.3"
            },
            "type": "library",
            "extra": {
                "branch-alias": {
                    "dev-master": "4.1-dev"
                }
            },
            "autoload": {
                "psr-4": {
                    "Symfony\\Component\\Process\\": ""
                },
                "exclude-from-classmap": [
                    "/Tests/"
                ]
            },
            "notification-url": "https://packagist.org/downloads/",
            "license": [
                "MIT"
            ],
            "authors": [
                {
                    "name": "Fabien Potencier",
                    "email": "fabien@symfony.com"
                },
                {
                    "name": "Symfony Community",
                    "homepage": "https://symfony.com/contributors"
                }
            ],
            "description": "Symfony Process Component",
            "homepage": "https://symfony.com",
            "time": "2018-05-30 07:26:09"
        },
        {
            "name": "tijsverkoyen/css-to-inline-styles",
            "version": "2.2.1",
            "source": {
                "type": "git",
                "url": "https://github.com/tijsverkoyen/CssToInlineStyles.git",
                "reference": "0ed4a2ea4e0902dac0489e6436ebcd5bbcae9757"
            },
            "dist": {
                "type": "zip",
                "url": "https://api.github.com/repos/tijsverkoyen/CssToInlineStyles/zipball/0ed4a2ea4e0902dac0489e6436ebcd5bbcae9757",
                "reference": "0ed4a2ea4e0902dac0489e6436ebcd5bbcae9757",
                "shasum": ""
            },
            "require": {
                "php": "^5.5 || ^7.0",
                "symfony/css-selector": "^2.7 || ^3.0 || ^4.0"
            },
            "require-dev": {
                "phpunit/phpunit": "^4.8.35 || ^5.7 || ^6.0"
            },
            "type": "library",
            "extra": {
                "branch-alias": {
                    "dev-master": "2.2.x-dev"
                }
            },
            "autoload": {
                "psr-4": {
                    "TijsVerkoyen\\CssToInlineStyles\\": "src"
                }
            },
            "notification-url": "https://packagist.org/downloads/",
            "license": [
                "BSD-3-Clause"
            ],
            "authors": [
                {
                    "name": "Tijs Verkoyen",
                    "email": "css_to_inline_styles@verkoyen.eu",
                    "role": "Developer"
                }
            ],
            "description": "CssToInlineStyles is a class that enables you to convert HTML-pages/files into HTML-pages/files with inline styles. This is very useful when you're sending emails.",
            "homepage": "https://github.com/tijsverkoyen/CssToInlineStyles",
            "time": "2017-11-27 11:13:29"
        }
    ],
    "packages-dev": [],
    "aliases": [],
    "minimum-stability": "stable",
    "stability-flags": [],
    "prefer-stable": false,
    "prefer-lowest": false,
    "platform": {
        "php": ">=5.6.4"
    },
    "platform-dev": []
}
